
Microsoft Visual Studio Solution File, Format Version 12.00
# Visual Studio Version 17
VisualStudioVersion = 17.0.31903.59
MinimumVisualStudioVersion = 10.0.40219.1
Project("{FAE04EC0-301F-11D3-BF4B-00C04F79EFBC}") = "InventarioAPI", "InventarioAPI\InventarioAPI.csproj", "{482978D2-F60F-4971-9E91-8276BCE6CF49}"
EndProject
Project("{FAE04EC0-301F-11D3-BF4B-00C04F79EFBC}") = "InventarioDAL", "InventarioDAL\InventarioDAL.csproj", "{3853B613-7AE6-4DCC-8904-6B987ACD15EC}"
EndProject
Global
	GlobalSection(SolutionConfigurationPlatforms) = preSolution
		Debug|Any CPU = Debug|Any CPU
		Release|Any CPU = Release|Any CPU
	EndGlobalSection
	GlobalSection(ProjectConfigurationPlatforms) = postSolution
		{482978D2-F60F-4971-9E91-8276BCE6CF49}.Debug|Any CPU.ActiveCfg = Debug|Any CPU
		{482978D2-F60F-4971-9E91-8276BCE6CF49}.Debug|Any CPU.Build.0 = Debug|Any CPU
		{482978D2-F60F-4971-9E91-8276BCE6CF49}.Release|Any CPU.ActiveCfg = Release|Any CPU
		{482978D2-F60F-4971-9E91-8276BCE6CF49}.Release|Any CPU.Build.0 = Release|Any CPU
		{3853B613-7AE6-4DCC-8904-6B987ACD15EC}.Debug|Any CPU.ActiveCfg = Debug|Any CPU
		{3853B613-7AE6-4DCC-8904-6B987ACD15EC}.Debug|Any CPU.Build.0 = Debug|Any CPU
		{3853B613-7AE6-4DCC-8904-6B987ACD15EC}.Release|Any CPU.ActiveCfg = Release|Any CPU
		{3853B613-7AE6-4DCC-8904-6B987ACD15EC}.Release|Any CPU.Build.0 = Release|Any CPU
	EndGlobalSection
	GlobalSection(SolutionProperties) = preSolution
		HideSolutionNode = FALSE
	EndGlobalSection
	GlobalSection(ExtensibilityGlobals) = postSolution
		SolutionGuid = {D8E2F5F1-C061-46B2-A23F-85BA2DFAF9D6}
	EndGlobalSection
EndGlobal
